<?xml version="1.0" encoding="utf-8"?>
<Project ToolsVersion="4.0" xmlns="http://schemas.microsoft.com/developer/msbuild/2003">
  <ItemGroup>
    <ClCompile Include="src\Main.cpp" />
    <ClCompile Include="src\\mod_loader.cpp" />
    <ClCompile Include="src\lua\Lua.cpp">
      <Filter>lua</Filter>
    </ClCompile>
    <ClCompile Include="src\SDL_API.cpp" />
    <ClCompile Include="src\Lighting.cpp" />
    <ClCompile Include="src\LightDefines.cpp" />
    <ClCompile Include="src\AutPI.cpp" />
    <ClCompile Include="src\API_Pause.cpp" />
    <ClCompile Include="src\Lighting_PauseMenu.cpp" />
  </ItemGroup>
  <ItemGroup>
    <ClInclude Include="src\cave_story.h" />
    <ClInclude Include="src\Main.h" />
    <ClInclude Include="src\\mod_loader.h" />
    <ClInclude Include="src\\mod_loader_hooks.h" />
    <ClInclude Include="src\lua\Lua.h">
      <Filter>lua</Filter>
    </ClInclude>
    <ClInclude Include="src\SDL_API.h" />
    <ClInclude Include="src\Lighting.h" />
    <ClInclude Include="src\LightDefines.h" />
    <ClInclude Include="src\AutPI.h" />
    <ClInclude Include="src\API_Pause.h" />
    <ClInclude Include="src\Lighting_PauseMenu.h" />
  </ItemGroup>
  <ItemGroup>
    <Filter Include="lua">
      <UniqueIdentifier>{ec046e7b-a067-4f04-b16b-00b2f6ee3f17}</UniqueIdentifier>
    </Filter>
  </ItemGroup>
</Project>